
Microsoft Visual Studio Solution File, Format Version 12.00
# Visual Studio Version 16
VisualStudioVersion = 16.0.30611.23
MinimumVisualStudioVersion = 10.0.40219.1
Project("{FAE04EC0-301F-11D3-BF4B-00C04F79EFBC}") = "Grup22", "Grup22\Grup22.csproj", "{089A4297-25B7-4607-B20C-F27A9E75661C}"
EndProject
Global
	GlobalSection(SolutionConfigurationPlatforms) = preSolution
		Debug|Any CPU = Debug|Any CPU
		Release|Any CPU = Release|Any CPU
	EndGlobalSection
	GlobalSection(ProjectConfigurationPlatforms) = postSolution
		{089A4297-25B7-4607-B20C-F27A9E75661C}.Debug|Any CPU.ActiveCfg = Debug|Any CPU
		{089A4297-25B7-4607-B20C-F27A9E75661C}.Debug|Any CPU.Build.0 = Debug|Any CPU
		{089A4297-25B7-4607-B20C-F27A9E75661C}.Release|Any CPU.ActiveCfg = Release|Any CPU
		{089A4297-25B7-4607-B20C-F27A9E75661C}.Release|Any CPU.Build.0 = Release|Any CPU
	EndGlobalSection
	GlobalSection(SolutionProperties) = preSolution
		HideSolutionNode = FALSE
	EndGlobalSection
	GlobalSection(ExtensibilityGlobals) = postSolution
		SolutionGuid = {ACE04856-4123-4C18-97DE-54DACCCA967D}
	EndGlobalSection
EndGlobal
